
Microsoft Visual Studio Solution File, Format Version 12.00
# Visual Studio Version 16
VisualStudioVersion = 16.0.29519.181
MinimumVisualStudioVersion = 10.0.40219.1
Project("{FAE04EC0-301F-11D3-BF4B-00C04F79EFBC}") = "TeleportToPlayer", "TeleportToPlayer\TeleportToPlayer.csproj", "{0D836B48-E69E-4A0E-8002-A39A4CF59AA1}"
EndProject
Project("{FAE04EC0-301F-11D3-BF4B-00C04F79EFBC}") = "Fly", "Fly\Fly.csproj", "{FE821B8D-2D7F-4762-A052-3301FC87290B}"
EndProject
Global
	GlobalSection(SolutionConfigurationPlatforms) = preSolution
		Debug|Any CPU = Debug|Any CPU
		Release|Any CPU = Release|Any CPU
	EndGlobalSection
	GlobalSection(ProjectConfigurationPlatforms) = postSolution
		{0D836B48-E69E-4A0E-8002-A39A4CF59AA1}.Debug|Any CPU.ActiveCfg = Debug|Any CPU
		{0D836B48-E69E-4A0E-8002-A39A4CF59AA1}.Debug|Any CPU.Build.0 = Debug|Any CPU
		{0D836B48-E69E-4A0E-8002-A39A4CF59AA1}.Release|Any CPU.ActiveCfg = Release|Any CPU
		{0D836B48-E69E-4A0E-8002-A39A4CF59AA1}.Release|Any CPU.Build.0 = Release|Any CPU
		{FE821B8D-2D7F-4762-A052-3301FC87290B}.Debug|Any CPU.ActiveCfg = Debug|Any CPU
		{FE821B8D-2D7F-4762-A052-3301FC87290B}.Debug|Any CPU.Build.0 = Debug|Any CPU
		{FE821B8D-2D7F-4762-A052-3301FC87290B}.Release|Any CPU.ActiveCfg = Release|Any CPU
		{FE821B8D-2D7F-4762-A052-3301FC87290B}.Release|Any CPU.Build.0 = Release|Any CPU
	EndGlobalSection
	GlobalSection(SolutionProperties) = preSolution
		HideSolutionNode = FALSE
	EndGlobalSection
	GlobalSection(ExtensibilityGlobals) = postSolution
		SolutionGuid = {8506A868-4A38-4D51-A141-F5D0BA3ADB1F}
	EndGlobalSection
EndGlobal
